// !$*UTF8*$!
{
	archiveVersion = 1;
	classes = {
	};
	objectVersion = 46;
	objects = {

/* Begin PBXBuildFile section */
		99D48D401A3A2500003C0208 /* AppDelegate.swift in Sources */ = {isa = PBXBuildFile; fileRef = 99D48D3F1A3A2500003C0208 /* AppDelegate.swift */; };
		99D48D421A3A2500003C0208 /* ViewController.swift in Sources */ = {isa = PBXBuildFile; fileRef = 99D48D411A3A2500003C0208 /* ViewController.swift */; };
		99D48D451A3A2500003C0208 /* Main.storyboard in Resources */ = {isa = PBXBuildFile; fileRef = 99D48D431A3A2500003C0208 /* Main.storyboard */; };
		99D48D471A3A2500003C0208 /* Images.xcassets in Resources */ = {isa = PBXBuildFile; fileRef = 99D48D461A3A2500003C0208 /* Images.xcassets */; };
		99D48D4A1A3A2500003C0208 /* LaunchScreen.xib in Resources */ = {isa = PBXBuildFile; fileRef = 99D48D481A3A2500003C0208 /* LaunchScreen.xib */; };
		99D48D561A3A2500003C0208 /* PurpleTests.swift in Sources */ = {isa = PBXBuildFile; fileRef = 99D48D551A3A2500003C0208 /* PurpleTests.swift */; };
/* End PBXBuildFile section */

/* Begin PBXContainerItemProxy section */
		99D48D501A3A2500003C0208 /* PBXContainerItemProxy */ = {
			isa = PBXContainerItemProxy;
			containerPortal = 99D48D321A3A2500003C0208 /* Project object */;
			proxyType = 1;
			remoteGlobalIDString = 99D48D391A3A2500003C0208;
			remoteInfo = Purple;
		};
/* End PBXContainerItemProxy section */

/* Begin PBXFileReference section */
		99D48D3A1A3A2500003C0208 /* Purple.app */ = {isa = PBXFileReference; explicitFileType = wrapper.application; includeInIndex = 0; path = Purple.app; sourceTree = BUILT_PRODUCTS_DIR; };
		99D48D3E1A3A2500003C0208 /* Info.plist */ = {isa = PBXFileReference; lastKnownFileType = text.plist.xml; path = Info.plist; sourceTree = "<group>"; };
		99D48D3F1A3A2500003C0208 /* AppDelegate.swift */ = {isa = PBXFileReference; lastKnownFileType = sourcecode.swift; path = AppDelegate.swift; sourceTree = "<group>"; };
		99D48D411A3A2500003C0208 /* ViewController.swift */ = {isa = PBXFileReference; lastKnownFileType = sourcecode.swift; path = ViewController.swift; sourceTree = "<group>"; };
		99D48D441A3A2500003C0208 /* Base */ = {isa = PBXFileReference; lastKnownFileType = file.storyboard; name = Base; path = Base.lproj/Main.storyboard; sourceTree = "<group>"; };
		99D48D461A3A2500003C0208 /* Images.xcassets */ = {isa = PBXFileReference; lastKnownFileType = folder.assetcatalog; path = Images.xcassets; sourceTree = "<group>"; };
		99D48D491A3A2500003C0208 /* Base */ = {isa = PBXFileReference; lastKnownFileType = file.xib; name = Base; path = Base.lproj/LaunchScreen.xib; sourceTree = "<group>"; };
		99D48D4F1A3A2500003C0208 /* PurpleTests.xctest */ = {isa = PBXFileReference; explicitFileType = wrapper.cfbundle; includeInIndex = 0; path = PurpleTests.xctest; sourceTree = BUILT_PRODUCTS_DIR; };
		99D48D541A3A2500003C0208 /* Info.plist */ = {isa = PBXFileReference; lastKnownFileType = text.plist.xml; path = Info.plist; sourceTree = "<group>"; };
		99D48D551A3A2500003C0208 /* PurpleTests.swift */ = {isa = PBXFileReference; lastKnownFileType = sourcecode.swift; path = PurpleTests.swift; sourceTree = "<group>"; };
/* End PBXFileReference section */

/* Begin PBXFrameworksBuildPhase section */
		99D48D371A3A2500003C0208 /* Frameworks */ = {
			isa = PBXFrameworksBuildPhase;
			buildActionMask = 2147483647;
			files = (
			);
			runOnlyForDeploymentPostprocessing = 0;
		};
		99D48D4C1A3A2500003C0208 /* Frameworks */ = {
			isa = PBXFrameworksBuildPhase;
			buildActionMask = 2147483647;
			files = (
			);
			runOnlyForDeploymentPostprocessing = 0;
		};
/* End PBXFrameworksBuildPhase section */

/* Begin PBXGroup section */
		99D48D311A3A2500003C0208 = {
			isa = PBXGroup;
			children = (
				99D48D3C1A3A2500003C0208 /* Purple */,
				99D48D521A3A2500003C0208 /* PurpleTests */,
				99D48D3B1A3A2500003C0208 /* Products */,
			);
			sourceTree = "<group>";
		};
		99D48D3B1A3A2500003C0208 /* Products */ = {
			isa = PBXGroup;
			children = (
				99D48D3A1A3A2500003C0208 /* Purple.app */,
				99D48D4F1A3A2500003C0208 /* PurpleTests.xctest */,
			);
			name = Products;
			sourceTree = "<group>";
		};
		99D48D3C1A3A2500003C0208 /* Purple */ = {
			isa = PBXGroup;
			children = (
				99D48D3F1A3A2500003C0208 /* AppDelegate.swift */,
				99D48D411A3A2500003C0208 /* ViewController.swift */,
				99D48D431A3A2500003C0208 /* Main.storyboard */,
				99D48D461A3A2500003C0208 /* Images.xcassets */,
				99D48D481A3A2500003C0208 /* LaunchScreen.xib */,
				99D48D3D1A3A2500003C0208 /* Supporting Files */,
			);
			path = Purple;
			sourceTree = "<group>";
		};
		99D48D3D1A3A2500003C0208 /* Supporting Files */ = {
			isa = PBXGroup;
			children = (
				99D48D3E1A3A2500003C0208 /* Info.plist */,
			);
			name = "Supporting Files";
			sourceTree = "<group>";
		};
		99D48D521A3A2500003C0208 /* PurpleTests */ = {
			isa = PBXGroup;
			children = (
				99D48D551A3A2500003C0208 /* PurpleTests.swift */,
				99D48D531A3A2500003C0208 /* Supporting Files */,
			);
			path = PurpleTests;
			sourceTree = "<group>";
		};
		99D48D531A3A2500003C0208 /* Supporting Files */ = {
			isa = PBXGroup;
			children = (
				99D48D541A3A2500003C0208 /* Info.plist */,
			);
			name = "Supporting Files";
			sourceTree = "<group>";
		};
/* End PBXGroup section */

/* Begin PBXNativeTarget section */
		99D48D391A3A2500003C0208 /* Purple */ = {
			isa = PBXNativeTarget;
			buildConfigurationList = 99D48D591A3A2500003C0208 /* Build configuration list for PBXNativeTarget "Purple" */;
			buildPhases = (
				99D48D361A3A2500003C0208 /* Sources */,
				99D48D371A3A2500003C0208 /* Frameworks */,
				99D48D381A3A2500003C0208 /* Resources */,
			);
			buildRules = (
			);
			dependencies = (
			);
			name = Purple;
			productName = Purple;
			productReference = 99D48D3A1A3A2500003C0208 /* Purple.app */;
			productType = "com.apple.product-type.application";
		};
		99D48D4E1A3A2500003C0208 /* PurpleTests */ = {
			isa = PBXNativeTarget;
			buildConfigurationList = 99D48D5C1A3A2500003C0208 /* Build configuration list for PBXNativeTarget "PurpleTests" */;
			buildPhases = (
				99D48D4B1A3A2500003C0208 /* Sources */,
				99D48D4C1A3A2500003C0208 /* Frameworks */,
				99D48D4D1A3A2500003C0208 /* Resources */,
			);
			buildRules = (
			);
			dependencies = (
				99D48D511A3A2500003C0208 /* PBXTargetDependency */,
			);
			name = PurpleTests;
			productName = PurpleTests;
			productReference = 99D48D4F1A3A2500003C0208 /* PurpleTests.xctest */;
			productType = "com.apple.product-type.bundle.unit-test";
		};
/* End PBXNativeTarget section */

/* Begin PBXProject section */
		99D48D321A3A2500003C0208 /* Project object */ = {
			isa = PBXProject;
			attributes = {
				LastUpgradeCheck = 0610;
				ORGANIZATIONNAME = "Grischa Ekart";
				TargetAttributes = {
					99D48D391A3A2500003C0208 = {
						CreatedOnToolsVersion = 6.1;
					};
					99D48D4E1A3A2500003C0208 = {
						CreatedOnToolsVersion = 6.1;
						TestTargetID = 99D48D391A3A2500003C0208;
					};
				};
			};
			buildConfigurationList = 99D48D351A3A2500003C0208 /* Build configuration list for PBXProject "Purple" */;
			compatibilityVersion = "Xcode 3.2";
			developmentRegion = English;
			hasScannedForEncodings = 0;
			knownRegions = (
				en,
				Base,
			);
			mainGroup = 99D48D311A3A2500003C0208;
			productRefGroup = 99D48D3B1A3A2500003C0208 /* Products */;
			projectDirPath = "";
			projectRoot = "";
			targets = (
				99D48D391A3A2500003C0208 /* Purple */,
				99D48D4E1A3A2500003C0208 /* PurpleTests */,
			);
		};
/* End PBXProject section */

/* Begin PBXResourcesBuildPhase section */
		99D48D381A3A2500003C0208 /* Resources */ = {
			isa = PBXResourcesBuildPhase;
			buildActionMask = 2147483647;
			files = (
				99D48D451A3A2500003C0208 /* Main.storyboard in Resources */,
				99D48D4A1A3A2500003C0208 /* LaunchScreen.xib in Resources */,
				99D48D471A3A2500003C0208 /* Images.xcassets in Resources */,
			);
			runOnlyForDeploymentPostprocessing = 0;
		};
		99D48D4D1A3A2500003C0208 /* Resources */ = {
			isa = PBXResourcesBuildPhase;
			buildActionMask = 2147483647;
			files = (
			);
			runOnlyForDeploymentPostprocessing = 0;
		};
/* End PBXResourcesBuildPhase section */

/* Begin PBXSourcesBuildPhase section */
		99D48D361A3A2500003C0208 /* Sources */ = {
			isa = PBXSourcesBuildPhase;
			buildActionMask = 2147483647;
			files = (
				99D48D421A3A2500003C0208 /* ViewController.swift in Sources */,
				99D48D401A3A2500003C0208 /* AppDelegate.swift in Sources */,
			);
			runOnlyForDeploymentPostprocessing = 0;
		};
		99D48D4B1A3A2500003C0208 /* Sources */ = {
			isa = PBXSourcesBuildPhase;
			buildActionMask = 2147483647;
			files = (
				99D48D561A3A2500003C0208 /* PurpleTests.swift in Sources */,
			);
			runOnlyForDeploymentPostprocessing = 0;
		};
/* End PBXSourcesBuildPhase section */

/* Begin PBXTargetDependency section */
		99D48D511A3A2500003C0208 /* PBXTargetDependency */ = {
			isa = PBXTargetDependency;
			target = 99D48D391A3A2500003C0208 /* Purple */;
			targetProxy = 99D48D501A3A2500003C0208 /* PBXContainerItemProxy */;
		};
/* End PBXTargetDependency section */

/* Begin PBXVariantGroup section */
		99D48D431A3A2500003C0208 /* Main.storyboard */ = {
			isa = PBXVariantGroup;
			children = (
				99D48D441A3A2500003C0208 /* Base */,
			);
			name = Main.storyboard;
			sourceTree = "<group>";
		};
		99D48D481A3A2500003C0208 /* LaunchScreen.xib */ = {
			isa = PBXVariantGroup;
			children = (
				99D48D491A3A2500003C0208 /* Base */,
			);
			name = LaunchScreen.xib;
			sourceTree = "<group>";
		};
/* End PBXVariantGroup section */

/* Begin XCBuildConfiguration section */
		99D48D571A3A2500003C0208 /* Debug */ = {
			isa = XCBuildConfiguration;
			buildSettings = {
				ALWAYS_SEARCH_USER_PATHS = NO;
				CLANG_CXX_LANGUAGE_STANDARD = "gnu++0x";
				CLANG_CXX_LIBRARY = "libc++";
				CLANG_ENABLE_MODULES = YES;
				CLANG_ENABLE_OBJC_ARC = YES;
				CLANG_WARN_BOOL_CONVERSION = YES;
				CLANG_WARN_CONSTANT_CONVERSION = YES;
				CLANG_WARN_DIRECT_OBJC_ISA_USAGE = YES_ERROR;
				CLANG_WARN_EMPTY_BODY = YES;
				CLANG_WARN_ENUM_CONVERSION = YES;
				CLANG_WARN_INT_CONVERSION = YES;
				CLANG_WARN_OBJC_ROOT_CLASS = YES_ERROR;
				CLANG_WARN_UNREACHABLE_CODE = YES;
				CLANG_WARN__DUPLICATE_METHOD_MATCH = YES;
				"CODE_SIGN_IDENTITY[sdk=iphoneos*]" = "iPhone Developer";
				COPY_PHASE_STRIP = NO;
				ENABLE_STRICT_OBJC_MSGSEND = YES;
				GCC_C_LANGUAGE_STANDARD = gnu99;
				GCC_DYNAMIC_NO_PIC = NO;
				GCC_OPTIMIZATION_LEVEL = 0;
				GCC_PREPROCESSOR_DEFINITIONS = (
					"DEBUG=1",
					"$(inherited)",
				);
				GCC_SYMBOLS_PRIVATE_EXTERN = NO;
				GCC_WARN_64_TO_32_BIT_CONVERSION = YES;
				GCC_WARN_ABOUT_RETURN_TYPE = YES_ERROR;
				GCC_WARN_UNDECLARED_SELECTOR = YES;
				GCC_WARN_UNINITIALIZED_AUTOS = YES_AGGRESSIVE;
				GCC_WARN_UNUSED_FUNCTION = YES;
				GCC_WARN_UNUSED_VARIABLE = YES;
				IPHONEOS_DEPLOYMENT_TARGET = 8.1;
				MTL_ENABLE_DEBUG_INFO = YES;
				ONLY_ACTIVE_ARCH = YES;
				SDKROOT = iphoneos;
				SWIFT_OPTIMIZATION_LEVEL = "-Onone";
			};
			name = Debug;
		};
		99D48D581A3A2500003C0208 /* Release */ = {
			isa = XCBuildConfiguration;
			buildSettings = {
				ALWAYS_SEARCH_USER_PATHS = NO;
				CLANG_CXX_LANGUAGE_STANDARD = "gnu++0x";
				CLANG_CXX_LIBRARY = "libc++";
				CLANG_ENABLE_MODULES = YES;
				CLANG_ENABLE_OBJC_ARC = YES;
				CLANG_WARN_BOOL_CONVERSION = YES;
				CLANG_WARN_CONSTANT_CONVERSION = YES;
				CLANG_WARN_DIRECT_OBJC_ISA_USAGE = YES_ERROR;
				CLANG_WARN_EMPTY_BODY = YES;
				CLANG_WARN_ENUM_CONVERSION = YES;
				CLANG_WARN_INT_CONVERSION = YES;
				CLANG_WARN_OBJC_ROOT_CLASS = YES_ERROR;
				CLANG_WARN_UNREACHABLE_CODE = YES;
				CLANG_WARN__DUPLICATE_METHOD_MATCH = YES;
				"CODE_SIGN_IDENTITY[sdk=iphoneos*]" = "iPhone Developer";
				COPY_PHASE_STRIP = YES;
				ENABLE_NS_ASSERTIONS = NO;
				ENABLE_STRICT_OBJC_MSGSEND = YES;
				GCC_C_LANGUAGE_STANDARD = gnu99;
				GCC_WARN_64_TO_32_BIT_CONVERSION = YES;
				GCC_WARN_ABOUT_RETURN_TYPE = YES_ERROR;
				GCC_WARN_UNDECLARED_SELECTOR = YES;
				GCC_WARN_UNINITIALIZED_AUTOS = YES_AGGRESSIVE;
				GCC_WARN_UNUSED_FUNCTION = YES;
				GCC_WARN_UNUSED_VARIABLE = YES;
				IPHONEOS_DEPLOYMENT_TARGET = 8.1;
				MTL_ENABLE_DEBUG_INFO = NO;
				SDKROOT = iphoneos;
				VALIDATE_PRODUCT = YES;
			};
			name = Release;
		};
		99D48D5A1A3A2500003C0208 /* Debug */ = {
			isa = XCBuildConfiguration;
			buildSettings = {
				ASSETCATALOG_COMPILER_APPICON_NAME = AppIcon;
				INFOPLIST_FILE = Purple/Info.plist;
				LD_RUNPATH_SEARCH_PATHS = "$(inherited) @executable_path/Frameworks";
				PRODUCT_NAME = "$(TARGET_NAME)";
			};
			name = Debug;
		};
		99D48D5B1A3A2500003C0208 /* Release */ = {
			isa = XCBuildConfiguration;
			buildSettings = {
				ASSETCATALOG_COMPILER_APPICON_NAME = AppIcon;
				INFOPLIST_FILE = Purple/Info.plist;
				LD_RUNPATH_SEARCH_PATHS = "$(inherited) @executable_path/Frameworks";
				PRODUCT_NAME = "$(TARGET_NAME)";
			};
			name = Release;
		};
		99D48D5D1A3A2500003C0208 /* Debug */ = {
			isa = XCBuildConfiguration;
			buildSettings = {
				BUNDLE_LOADER = "$(TEST_HOST)";
				FRAMEWORK_SEARCH_PATHS = (
					"$(SDKROOT)/Developer/Library/Frameworks",
					"$(inherited)",
				);
				GCC_PREPROCESSOR_DEFINITIONS = (
					"DEBUG=1",
					"$(inherited)",
				);
				INFOPLIST_FILE = PurpleTests/Info.plist;
				LD_RUNPATH_SEARCH_PATHS = "$(inherited) @executable_path/Frameworks @loader_path/Frameworks";
				PRODUCT_NAME = "$(TARGET_NAME)";
				TEST_HOST = "$(BUILT_PRODUCTS_DIR)/Purple.app/Purple";
			};
			name = Debug;
		};
		99D48D5E1A3A2500003C0208 /* Release */ = {
			isa = XCBuildConfiguration;
			buildSettings = {
				BUNDLE_LOADER = "$(TEST_HOST)";
				FRAMEWORK_SEARCH_PATHS = (
					"$(SDKROOT)/Developer/Library/Frameworks",
					"$(inherited)",
				);
				INFOPLIST_FILE = PurpleTests/Info.plist;
				LD_RUNPATH_SEARCH_PATHS = "$(inherited) @executable_path/Frameworks @loader_path/Frameworks";
				PRODUCT_NAME = "$(TARGET_NAME)";
				TEST_HOST = "$(BUILT_PRODUCTS_DIR)/Purple.app/Purple";
			};
			name = Release;
		};
/* End XCBuildConfiguration section */

/* Begin XCConfigurationList section */
		99D48D351A3A2500003C0208 /* Build configuration list for PBXProject "Purple" */ = {
			isa = XCConfigurationList;
			buildConfigurations = (
				99D48D571A3A2500003C0208 /* Debug */,
				99D48D581A3A2500003C0208 /* Release */,
			);
			defaultConfigurationIsVisible = 0;
			defaultConfigurationName = Release;
		};
		99D48D591A3A2500003C0208 /* Build configuration list for PBXNativeTarget "Purple" */ = {
			isa = XCConfigurationList;
			buildConfigurations = (
				99D48D5A1A3A2500003C0208 /* Debug */,
				99D48D5B1A3A2500003C0208 /* Release */,
			);
			defaultConfigurationIsVisible = 0;
		};
		99D48D5C1A3A2500003C0208 /* Build configuration list for PBXNativeTarget "PurpleTests" */ = {
			isa = XCConfigurationList;
			buildConfigurations = (
				99D48D5D1A3A2500003C0208 /* Debug */,
				99D48D5E1A3A2500003C0208 /* Release */,
			);
			defaultConfigurationIsVisible = 0;
		};
/* End XCConfigurationList section */
	};
	rootObject = 99D48D321A3A2500003C0208 /* Project object */;
}
